
Microsoft Visual Studio Solution File, Format Version 12.00
# Visual Studio Version 17
VisualStudioVersion = 17.4.33205.214
MinimumVisualStudioVersion = 10.0.40219.1
Project("{FAE04EC0-301F-11D3-BF4B-00C04F79EFBC}") = "MiniMart.API", "MiniMart\MiniMart.API.csproj", "{B88F2947-6BF4-470E-8464-23B7281CB762}"
EndProject
Project("{FAE04EC0-301F-11D3-BF4B-00C04F79EFBC}") = "MiniMart.Domain", "MiniMart.Domain\MiniMart.Domain.csproj", "{7CA37D0C-EEC7-4447-8D0F-43265F2A05DF}"
EndProject
Project("{FAE04EC0-301F-11D3-BF4B-00C04F79EFBC}") = "MiniMart.Infrastructure", "MiniMart.Infrastructure\MiniMart.Infrastructure.csproj", "{18FC9D76-6D0E-4DDA-BAE8-EEDD8A721D69}"
EndProject
Global
	GlobalSection(SolutionConfigurationPlatforms) = preSolution
		Debug|Any CPU = Debug|Any CPU
		Release|Any CPU = Release|Any CPU
	EndGlobalSection
	GlobalSection(ProjectConfigurationPlatforms) = postSolution
		{B88F2947-6BF4-470E-8464-23B7281CB762}.Debug|Any CPU.ActiveCfg = Debug|Any CPU
		{B88F2947-6BF4-470E-8464-23B7281CB762}.Debug|Any CPU.Build.0 = Debug|Any CPU
		{B88F2947-6BF4-470E-8464-23B7281CB762}.Release|Any CPU.ActiveCfg = Release|Any CPU
		{B88F2947-6BF4-470E-8464-23B7281CB762}.Release|Any CPU.Build.0 = Release|Any CPU
		{7CA37D0C-EEC7-4447-8D0F-43265F2A05DF}.Debug|Any CPU.ActiveCfg = Debug|Any CPU
		{7CA37D0C-EEC7-4447-8D0F-43265F2A05DF}.Debug|Any CPU.Build.0 = Debug|Any CPU
		{7CA37D0C-EEC7-4447-8D0F-43265F2A05DF}.Release|Any CPU.ActiveCfg = Release|Any CPU
		{7CA37D0C-EEC7-4447-8D0F-43265F2A05DF}.Release|Any CPU.Build.0 = Release|Any CPU
		{18FC9D76-6D0E-4DDA-BAE8-EEDD8A721D69}.Debug|Any CPU.ActiveCfg = Debug|Any CPU
		{18FC9D76-6D0E-4DDA-BAE8-EEDD8A721D69}.Debug|Any CPU.Build.0 = Debug|Any CPU
		{18FC9D76-6D0E-4DDA-BAE8-EEDD8A721D69}.Release|Any CPU.ActiveCfg = Release|Any CPU
		{18FC9D76-6D0E-4DDA-BAE8-EEDD8A721D69}.Release|Any CPU.Build.0 = Release|Any CPU
	EndGlobalSection
	GlobalSection(SolutionProperties) = preSolution
		HideSolutionNode = FALSE
	EndGlobalSection
	GlobalSection(ExtensibilityGlobals) = postSolution
		SolutionGuid = {7780FD91-1D4F-438B-B460-448EECC86F30}
	EndGlobalSection
EndGlobal
